{
  "version": 4,
  "terraform_version": "1.13.4",
  "serial": 1,
  "lineage": "acaf3f44-b9d8-e4ec-9191-97a5313b41e4",
  "outputs": {},
  "resources": [
    {
      "mode": "managed",
      "type": "docker_image",
      "name": "app_image",
      "provider": "provider[\"registry.terraform.io/kreuzwerker/docker\"]",
      "instances": [
        {
          "schema_version": 0,
          "attributes": {
            "build": [],
            "force_remove": null,
            "id": "ghcr.io/userliv/devops-project:latest",
            "image_id": "sha256:159d222b55deccefd29d91857b180c927939ecd91efe5bc0d234723f87af9457",
            "keep_locally": true,
            "name": "ghcr.io/userliv/devops-project:latest",
            "platform": null,
            "pull_triggers": null,
            "repo_digest": "ghcr.io/userliv/devops-project@sha256:159d222b55deccefd29d91857b180c927939ecd91efe5bc0d234723f87af9457",
            "triggers": null
          },
          "sensitive_attributes": [],
          "identity_schema_version": 0,
          "private": "bnVsbA=="
        }
      ]
    }
  ],
  "check_results": null
}
